
Microsoft Visual Studio Solution File, Format Version 12.00
# Visual Studio Version 17
VisualStudioVersion = 17.8.34511.84
MinimumVisualStudioVersion = 10.0.40219.1
Project("{FAE04EC0-301F-11D3-BF4B-00C04F79EFBC}") = "Level", "Level\Level.csproj", "{64838A77-21EE-4DCC-8953-164491427CF1}"
EndProject
Global
	GlobalSection(SolutionConfigurationPlatforms) = preSolution
		Debug|Any CPU = Debug|Any CPU
		Release|Any CPU = Release|Any CPU
	EndGlobalSection
	GlobalSection(ProjectConfigurationPlatforms) = postSolution
		{64838A77-21EE-4DCC-8953-164491427CF1}.Debug|Any CPU.ActiveCfg = Debug|Any CPU
		{64838A77-21EE-4DCC-8953-164491427CF1}.Debug|Any CPU.Build.0 = Debug|Any CPU
		{64838A77-21EE-4DCC-8953-164491427CF1}.Release|Any CPU.ActiveCfg = Release|Any CPU
		{64838A77-21EE-4DCC-8953-164491427CF1}.Release|Any CPU.Build.0 = Release|Any CPU
	EndGlobalSection
	GlobalSection(SolutionProperties) = preSolution
		HideSolutionNode = FALSE
	EndGlobalSection
	GlobalSection(ExtensibilityGlobals) = postSolution
		SolutionGuid = {1142DA25-2EB5-4B7D-8EF1-10CE7BACB642}
	EndGlobalSection
EndGlobal
